# All the examples assume that you have file config.yaml with your 'clientId' and 'clientSecret'
# in location: ~/.pnap/config.yaml

- name: Example
  hosts: localhost
  gather_facts: false
  vars_files:
    - ~/.pnap/config.yaml
  tasks:
    - name: Delete an IP Block.
      phoenixnap.bmc.ip_block:
        client_id: "{{ clientId }}"
        client_secret: "{{ clientSecret }}"
        ip_block_id: 6047127fed34ecc3ba8402d2
        state: absent
      register: output
    - name: Print the gathered infos
      ansible.builtin.debug:
        var: output.ip_blocks
